// !$*UTF8*$!
{
	archiveVersion = 1;
	classes = {
	};
	objectVersion = 50;
	objects = {

/* Begin PBXBuildFile section */
		104FA40F249A818A005FB934 /* AppDelegate.swift in Sources */ = {isa = PBXBuildFile; fileRef = 104FA40E249A818A005FB934 /* AppDelegate.swift */; };
		104FA413249A818A005FB934 /* ProfileViewController.swift in Sources */ = {isa = PBXBuildFile; fileRef = 104FA412249A818A005FB934 /* ProfileViewController.swift */; };
		104FA418249A818E005FB934 /* Assets.xcassets in Resources */ = {isa = PBXBuildFile; fileRef = 104FA417249A818E005FB934 /* Assets.xcassets */; };
		104FA41B249A818E005FB934 /* LaunchScreen.storyboard in Resources */ = {isa = PBXBuildFile; fileRef = 104FA419249A818E005FB934 /* LaunchScreen.storyboard */; };
		104FA426249A818E005FB934 /* CVappTests.swift in Sources */ = {isa = PBXBuildFile; fileRef = 104FA425249A818E005FB934 /* CVappTests.swift */; };
		104FA431249A83E7005FB934 /* BasicProfile.swift in Sources */ = {isa = PBXBuildFile; fileRef = 104FA430249A83E7005FB934 /* BasicProfile.swift */; };
		104FA434249A863D005FB934 /* Profile.swift in Sources */ = {isa = PBXBuildFile; fileRef = 104FA433249A863D005FB934 /* Profile.swift */; };
		104FA49E249A8D90005FB934 /* ProfileMapper.swift in Sources */ = {isa = PBXBuildFile; fileRef = 104FA49D249A8D90005FB934 /* ProfileMapper.swift */; };
		104FA4A1249A8DF9005FB934 /* ProfileMapperTest.swift in Sources */ = {isa = PBXBuildFile; fileRef = 104FA4A0249A8DF9005FB934 /* ProfileMapperTest.swift */; };
		104FA4A5249A95BF005FB934 /* ProfileFetching.swift in Sources */ = {isa = PBXBuildFile; fileRef = 104FA4A4249A95BF005FB934 /* ProfileFetching.swift */; };
		104FA4A7249A9865005FB934 /* ProfileFetcherStub.swift in Sources */ = {isa = PBXBuildFile; fileRef = 104FA4A6249A9865005FB934 /* ProfileFetcherStub.swift */; };
		104FA4A9249A98E5005FB934 /* Profile+Stub.swift in Sources */ = {isa = PBXBuildFile; fileRef = 104FA4A8249A98E5005FB934 /* Profile+Stub.swift */; };
		104FA4AB249A9BDD005FB934 /* ProfileSource.swift in Sources */ = {isa = PBXBuildFile; fileRef = 104FA4AA249A9BDD005FB934 /* ProfileSource.swift */; };
		104FA4AF249AA32A005FB934 /* SceneDelegate.swift in Sources */ = {isa = PBXBuildFile; fileRef = 104FA4AE249AA32A005FB934 /* SceneDelegate.swift */; };
		104FA4B2249AA822005FB934 /* Colors.swift in Sources */ = {isa = PBXBuildFile; fileRef = 104FA4B1249AA822005FB934 /* Colors.swift */; };
		104FA4B4249AAAB7005FB934 /* ProfileView.swift in Sources */ = {isa = PBXBuildFile; fileRef = 104FA4B3249AAAB7005FB934 /* ProfileView.swift */; };
		104FA4B6249B3FB6005FB934 /* UIImageView+ImageLoading.swift in Sources */ = {isa = PBXBuildFile; fileRef = 104FA4B5249B3FB6005FB934 /* UIImageView+ImageLoading.swift */; };
		104FA4B8249B4169005FB934 /* Constants.swift in Sources */ = {isa = PBXBuildFile; fileRef = 104FA4B7249B4169005FB934 /* Constants.swift */; };
		104FA4BA249B444E005FB934 /* ProfileMainHeaderView.swift in Sources */ = {isa = PBXBuildFile; fileRef = 104FA4B9249B444E005FB934 /* ProfileMainHeaderView.swift */; };
		104FA4BC249B45C7005FB934 /* ProfileHeaderView.swift in Sources */ = {isa = PBXBuildFile; fileRef = 104FA4BB249B45C7005FB934 /* ProfileHeaderView.swift */; };
		1061EB81249B4D0E00C28A2A /* ProfilePresenter.swift in Sources */ = {isa = PBXBuildFile; fileRef = 1061EB80249B4D0E00C28A2A /* ProfilePresenter.swift */; };
/* End PBXBuildFile section */

/* Begin PBXContainerItemProxy section */
		104FA422249A818E005FB934 /* PBXContainerItemProxy */ = {
			isa = PBXContainerItemProxy;
			containerPortal = 104FA403249A818A005FB934 /* Project object */;
			proxyType = 1;
			remoteGlobalIDString = 104FA40A249A818A005FB934;
			remoteInfo = CVapp;
		};
/* End PBXContainerItemProxy section */

/* Begin PBXFileReference section */
		104FA40B249A818A005FB934 /* CVapp.app */ = {isa = PBXFileReference; explicitFileType = wrapper.application; includeInIndex = 0; path = CVapp.app; sourceTree = BUILT_PRODUCTS_DIR; };
		104FA40E249A818A005FB934 /* AppDelegate.swift */ = {isa = PBXFileReference; lastKnownFileType = sourcecode.swift; path = AppDelegate.swift; sourceTree = "<group>"; };
		104FA412249A818A005FB934 /* ProfileViewController.swift */ = {isa = PBXFileReference; lastKnownFileType = sourcecode.swift; path = ProfileViewController.swift; sourceTree = "<group>"; };
		104FA417249A818E005FB934 /* Assets.xcassets */ = {isa = PBXFileReference; lastKnownFileType = folder.assetcatalog; path = Assets.xcassets; sourceTree = "<group>"; };
		104FA41A249A818E005FB934 /* Base */ = {isa = PBXFileReference; lastKnownFileType = file.storyboard; name = Base; path = Base.lproj/LaunchScreen.storyboard; sourceTree = "<group>"; };
		104FA41C249A818E005FB934 /* Info.plist */ = {isa = PBXFileReference; lastKnownFileType = text.plist.xml; path = Info.plist; sourceTree = "<group>"; };
		104FA421249A818E005FB934 /* CVappTests.xctest */ = {isa = PBXFileReference; explicitFileType = wrapper.cfbundle; includeInIndex = 0; path = CVappTests.xctest; sourceTree = BUILT_PRODUCTS_DIR; };
		104FA425249A818E005FB934 /* CVappTests.swift */ = {isa = PBXFileReference; lastKnownFileType = sourcecode.swift; path = CVappTests.swift; sourceTree = "<group>"; };
		104FA427249A818E005FB934 /* Info.plist */ = {isa = PBXFileReference; lastKnownFileType = text.plist.xml; path = Info.plist; sourceTree = "<group>"; };
		104FA430249A83E7005FB934 /* BasicProfile.swift */ = {isa = PBXFileReference; lastKnownFileType = sourcecode.swift; path = BasicProfile.swift; sourceTree = "<group>"; };
		104FA433249A863D005FB934 /* Profile.swift */ = {isa = PBXFileReference; lastKnownFileType = sourcecode.swift; path = Profile.swift; sourceTree = "<group>"; };
		104FA49D249A8D90005FB934 /* ProfileMapper.swift */ = {isa = PBXFileReference; lastKnownFileType = sourcecode.swift; path = ProfileMapper.swift; sourceTree = "<group>"; };
		104FA4A0249A8DF9005FB934 /* ProfileMapperTest.swift */ = {isa = PBXFileReference; lastKnownFileType = sourcecode.swift; path = ProfileMapperTest.swift; sourceTree = "<group>"; };
		104FA4A4249A95BF005FB934 /* ProfileFetching.swift */ = {isa = PBXFileReference; lastKnownFileType = sourcecode.swift; path = ProfileFetching.swift; sourceTree = "<group>"; };
		104FA4A6249A9865005FB934 /* ProfileFetcherStub.swift */ = {isa = PBXFileReference; lastKnownFileType = sourcecode.swift; path = ProfileFetcherStub.swift; sourceTree = "<group>"; };
		104FA4A8249A98E5005FB934 /* Profile+Stub.swift */ = {isa = PBXFileReference; lastKnownFileType = sourcecode.swift; path = "Profile+Stub.swift"; sourceTree = "<group>"; };
		104FA4AA249A9BDD005FB934 /* ProfileSource.swift */ = {isa = PBXFileReference; lastKnownFileType = sourcecode.swift; path = ProfileSource.swift; sourceTree = "<group>"; };
		104FA4AE249AA32A005FB934 /* SceneDelegate.swift */ = {isa = PBXFileReference; fileEncoding = 4; lastKnownFileType = sourcecode.swift; path = SceneDelegate.swift; sourceTree = "<group>"; };
		104FA4B1249AA822005FB934 /* Colors.swift */ = {isa = PBXFileReference; lastKnownFileType = sourcecode.swift; path = Colors.swift; sourceTree = "<group>"; };
		104FA4B3249AAAB7005FB934 /* ProfileView.swift */ = {isa = PBXFileReference; lastKnownFileType = sourcecode.swift; path = ProfileView.swift; sourceTree = "<group>"; };
		104FA4B5249B3FB6005FB934 /* UIImageView+ImageLoading.swift */ = {isa = PBXFileReference; lastKnownFileType = sourcecode.swift; path = "UIImageView+ImageLoading.swift"; sourceTree = "<group>"; };
		104FA4B7249B4169005FB934 /* Constants.swift */ = {isa = PBXFileReference; lastKnownFileType = sourcecode.swift; path = Constants.swift; sourceTree = "<group>"; };
		104FA4B9249B444E005FB934 /* ProfileMainHeaderView.swift */ = {isa = PBXFileReference; lastKnownFileType = sourcecode.swift; path = ProfileMainHeaderView.swift; sourceTree = "<group>"; };
		104FA4BB249B45C7005FB934 /* ProfileHeaderView.swift */ = {isa = PBXFileReference; lastKnownFileType = sourcecode.swift; path = ProfileHeaderView.swift; sourceTree = "<group>"; };
		1061EB80249B4D0E00C28A2A /* ProfilePresenter.swift */ = {isa = PBXFileReference; lastKnownFileType = sourcecode.swift; path = ProfilePresenter.swift; sourceTree = "<group>"; };
/* End PBXFileReference section */

/* Begin PBXFrameworksBuildPhase section */
		104FA408249A818A005FB934 /* Frameworks */ = {
			isa = PBXFrameworksBuildPhase;
			buildActionMask = 2147483647;
			files = (
			);
			runOnlyForDeploymentPostprocessing = 0;
		};
		104FA41E249A818E005FB934 /* Frameworks */ = {
			isa = PBXFrameworksBuildPhase;
			buildActionMask = 2147483647;
			files = (
			);
			runOnlyForDeploymentPostprocessing = 0;
		};
/* End PBXFrameworksBuildPhase section */

/* Begin PBXGroup section */
		104FA402249A818A005FB934 = {
			isa = PBXGroup;
			children = (
				104FA40D249A818A005FB934 /* CVapp */,
				104FA424249A818E005FB934 /* CVappTests */,
				104FA40C249A818A005FB934 /* Products */,
			);
			sourceTree = "<group>";
		};
		104FA40C249A818A005FB934 /* Products */ = {
			isa = PBXGroup;
			children = (
				104FA40B249A818A005FB934 /* CVapp.app */,
				104FA421249A818E005FB934 /* CVappTests.xctest */,
			);
			name = Products;
			sourceTree = "<group>";
		};
		104FA40D249A818A005FB934 /* CVapp */ = {
			isa = PBXGroup;
			children = (
				104FA40E249A818A005FB934 /* AppDelegate.swift */,
				104FA4AE249AA32A005FB934 /* SceneDelegate.swift */,
				104FA417249A818E005FB934 /* Assets.xcassets */,
				104FA419249A818E005FB934 /* LaunchScreen.storyboard */,
				104FA41C249A818E005FB934 /* Info.plist */,
				104FA4AC249A9D45005FB934 /* App */,
				104FA49C249A8D55005FB934 /* Domain */,
				104FA4A3249A953A005FB934 /* Api */,
				104FA4B0249AA560005FB934 /* Common */,
			);
			path = CVapp;
			sourceTree = "<group>";
		};
		104FA424249A818E005FB934 /* CVappTests */ = {
			isa = PBXGroup;
			children = (
				104FA425249A818E005FB934 /* CVappTests.swift */,
				104FA427249A818E005FB934 /* Info.plist */,
			);
			path = CVappTests;
			sourceTree = "<group>";
		};
		104FA432249A85EC005FB934 /* Model */ = {
			isa = PBXGroup;
			children = (
				104FA430249A83E7005FB934 /* BasicProfile.swift */,
				104FA433249A863D005FB934 /* Profile.swift */,
			);
			path = Model;
			sourceTree = "<group>";
		};
		104FA49C249A8D55005FB934 /* Domain */ = {
			isa = PBXGroup;
			children = (
				104FA4A4249A95BF005FB934 /* ProfileFetching.swift */,
				104FA432249A85EC005FB934 /* Model */,
				104FA49F249A8D96005FB934 /* Mapper */,
				104FA4AA249A9BDD005FB934 /* ProfileSource.swift */,
			);
			path = Domain;
			sourceTree = "<group>";
		};
		104FA49F249A8D96005FB934 /* Mapper */ = {
			isa = PBXGroup;
			children = (
				104FA49D249A8D90005FB934 /* ProfileMapper.swift */,
				104FA4A0249A8DF9005FB934 /* ProfileMapperTest.swift */,
			);
			path = Mapper;
			sourceTree = "<group>";
		};
		104FA4A3249A953A005FB934 /* Api */ = {
			isa = PBXGroup;
			children = (
				104FA4A6249A9865005FB934 /* ProfileFetcherStub.swift */,
				104FA4A8249A98E5005FB934 /* Profile+Stub.swift */,
			);
			path = Api;
			sourceTree = "<group>";
		};
		104FA4AC249A9D45005FB934 /* App */ = {
			isa = PBXGroup;
			children = (
				104FA4BE249B4B57005FB934 /* Profile */,
			);
			path = App;
			sourceTree = "<group>";
		};
		104FA4B0249AA560005FB934 /* Common */ = {
			isa = PBXGroup;
			children = (
				104FA4B1249AA822005FB934 /* Colors.swift */,
				104FA4B7249B4169005FB934 /* Constants.swift */,
				104FA4B5249B3FB6005FB934 /* UIImageView+ImageLoading.swift */,
			);
			path = Common;
			sourceTree = "<group>";
		};
		104FA4BD249B4B45005FB934 /* Views */ = {
			isa = PBXGroup;
			children = (
				104FA4B9249B444E005FB934 /* ProfileMainHeaderView.swift */,
				104FA4BB249B45C7005FB934 /* ProfileHeaderView.swift */,
				104FA4B3249AAAB7005FB934 /* ProfileView.swift */,
			);
			path = Views;
			sourceTree = "<group>";
		};
		104FA4BE249B4B57005FB934 /* Profile */ = {
			isa = PBXGroup;
			children = (
				104FA4BD249B4B45005FB934 /* Views */,
				104FA412249A818A005FB934 /* ProfileViewController.swift */,
				1061EB80249B4D0E00C28A2A /* ProfilePresenter.swift */,
			);
			path = Profile;
			sourceTree = "<group>";
		};
/* End PBXGroup section */

/* Begin PBXNativeTarget section */
		104FA40A249A818A005FB934 /* CVapp */ = {
			isa = PBXNativeTarget;
			buildConfigurationList = 104FA42A249A818E005FB934 /* Build configuration list for PBXNativeTarget "CVapp" */;
			buildPhases = (
				104FA407249A818A005FB934 /* Sources */,
				104FA408249A818A005FB934 /* Frameworks */,
				104FA409249A818A005FB934 /* Resources */,
			);
			buildRules = (
			);
			dependencies = (
			);
			name = CVapp;
			productName = CVapp;
			productReference = 104FA40B249A818A005FB934 /* CVapp.app */;
			productType = "com.apple.product-type.application";
		};
		104FA420249A818E005FB934 /* CVappTests */ = {
			isa = PBXNativeTarget;
			buildConfigurationList = 104FA42D249A818E005FB934 /* Build configuration list for PBXNativeTarget "CVappTests" */;
			buildPhases = (
				104FA41D249A818E005FB934 /* Sources */,
				104FA41E249A818E005FB934 /* Frameworks */,
				104FA41F249A818E005FB934 /* Resources */,
			);
			buildRules = (
			);
			dependencies = (
				104FA423249A818E005FB934 /* PBXTargetDependency */,
			);
			name = CVappTests;
			productName = CVappTests;
			productReference = 104FA421249A818E005FB934 /* CVappTests.xctest */;
			productType = "com.apple.product-type.bundle.unit-test";
		};
/* End PBXNativeTarget section */

/* Begin PBXProject section */
		104FA403249A818A005FB934 /* Project object */ = {
			isa = PBXProject;
			attributes = {
				LastSwiftUpdateCheck = 1150;
				LastUpgradeCheck = 1150;
				ORGANIZATIONNAME = "Szymon Dawidow";
				TargetAttributes = {
					104FA40A249A818A005FB934 = {
						CreatedOnToolsVersion = 11.5;
					};
					104FA420249A818E005FB934 = {
						CreatedOnToolsVersion = 11.5;
						TestTargetID = 104FA40A249A818A005FB934;
					};
				};
			};
			buildConfigurationList = 104FA406249A818A005FB934 /* Build configuration list for PBXProject "CVapp" */;
			compatibilityVersion = "Xcode 9.3";
			developmentRegion = en;
			hasScannedForEncodings = 0;
			knownRegions = (
				en,
				Base,
			);
			mainGroup = 104FA402249A818A005FB934;
			productRefGroup = 104FA40C249A818A005FB934 /* Products */;
			projectDirPath = "";
			projectRoot = "";
			targets = (
				104FA40A249A818A005FB934 /* CVapp */,
				104FA420249A818E005FB934 /* CVappTests */,
			);
		};
/* End PBXProject section */

/* Begin PBXResourcesBuildPhase section */
		104FA409249A818A005FB934 /* Resources */ = {
			isa = PBXResourcesBuildPhase;
			buildActionMask = 2147483647;
			files = (
				104FA41B249A818E005FB934 /* LaunchScreen.storyboard in Resources */,
				104FA418249A818E005FB934 /* Assets.xcassets in Resources */,
			);
			runOnlyForDeploymentPostprocessing = 0;
		};
		104FA41F249A818E005FB934 /* Resources */ = {
			isa = PBXResourcesBuildPhase;
			buildActionMask = 2147483647;
			files = (
			);
			runOnlyForDeploymentPostprocessing = 0;
		};
/* End PBXResourcesBuildPhase section */

/* Begin PBXSourcesBuildPhase section */
		104FA407249A818A005FB934 /* Sources */ = {
			isa = PBXSourcesBuildPhase;
			buildActionMask = 2147483647;
			files = (
				104FA413249A818A005FB934 /* ProfileViewController.swift in Sources */,
				104FA4B2249AA822005FB934 /* Colors.swift in Sources */,
				104FA4A7249A9865005FB934 /* ProfileFetcherStub.swift in Sources */,
				104FA4BA249B444E005FB934 /* ProfileMainHeaderView.swift in Sources */,
				104FA434249A863D005FB934 /* Profile.swift in Sources */,
				104FA4B4249AAAB7005FB934 /* ProfileView.swift in Sources */,
				104FA4A9249A98E5005FB934 /* Profile+Stub.swift in Sources */,
				104FA4BC249B45C7005FB934 /* ProfileHeaderView.swift in Sources */,
				104FA4AB249A9BDD005FB934 /* ProfileSource.swift in Sources */,
				104FA4B6249B3FB6005FB934 /* UIImageView+ImageLoading.swift in Sources */,
				1061EB81249B4D0E00C28A2A /* ProfilePresenter.swift in Sources */,
				104FA4AF249AA32A005FB934 /* SceneDelegate.swift in Sources */,
				104FA4A5249A95BF005FB934 /* ProfileFetching.swift in Sources */,
				104FA431249A83E7005FB934 /* BasicProfile.swift in Sources */,
				104FA4B8249B4169005FB934 /* Constants.swift in Sources */,
				104FA40F249A818A005FB934 /* AppDelegate.swift in Sources */,
				104FA49E249A8D90005FB934 /* ProfileMapper.swift in Sources */,
			);
			runOnlyForDeploymentPostprocessing = 0;
		};
		104FA41D249A818E005FB934 /* Sources */ = {
			isa = PBXSourcesBuildPhase;
			buildActionMask = 2147483647;
			files = (
				104FA4A1249A8DF9005FB934 /* ProfileMapperTest.swift in Sources */,
				104FA426249A818E005FB934 /* CVappTests.swift in Sources */,
			);
			runOnlyForDeploymentPostprocessing = 0;
		};
/* End PBXSourcesBuildPhase section */

/* Begin PBXTargetDependency section */
		104FA423249A818E005FB934 /* PBXTargetDependency */ = {
			isa = PBXTargetDependency;
			target = 104FA40A249A818A005FB934 /* CVapp */;
			targetProxy = 104FA422249A818E005FB934 /* PBXContainerItemProxy */;
		};
/* End PBXTargetDependency section */

/* Begin PBXVariantGroup section */
		104FA419249A818E005FB934 /* LaunchScreen.storyboard */ = {
			isa = PBXVariantGroup;
			children = (
				104FA41A249A818E005FB934 /* Base */,
			);
			name = LaunchScreen.storyboard;
			sourceTree = "<group>";
		};
/* End PBXVariantGroup section */

/* Begin XCBuildConfiguration section */
		104FA428249A818E005FB934 /* Debug */ = {
			isa = XCBuildConfiguration;
			buildSettings = {
				ALWAYS_SEARCH_USER_PATHS = NO;
				CLANG_ANALYZER_NONNULL = YES;
				CLANG_ANALYZER_NUMBER_OBJECT_CONVERSION = YES_AGGRESSIVE;
				CLANG_CXX_LANGUAGE_STANDARD = "gnu++14";
				CLANG_CXX_LIBRARY = "libc++";
				CLANG_ENABLE_MODULES = YES;
				CLANG_ENABLE_OBJC_ARC = YES;
				CLANG_ENABLE_OBJC_WEAK = YES;
				CLANG_WARN_BLOCK_CAPTURE_AUTORELEASING = YES;
				CLANG_WARN_BOOL_CONVERSION = YES;
				CLANG_WARN_COMMA = YES;
				CLANG_WARN_CONSTANT_CONVERSION = YES;
				CLANG_WARN_DEPRECATED_OBJC_IMPLEMENTATIONS = YES;
				CLANG_WARN_DIRECT_OBJC_ISA_USAGE = YES_ERROR;
				CLANG_WARN_DOCUMENTATION_COMMENTS = YES;
				CLANG_WARN_EMPTY_BODY = YES;
				CLANG_WARN_ENUM_CONVERSION = YES;
				CLANG_WARN_INFINITE_RECURSION = YES;
				CLANG_WARN_INT_CONVERSION = YES;
				CLANG_WARN_NON_LITERAL_NULL_CONVERSION = YES;
				CLANG_WARN_OBJC_IMPLICIT_RETAIN_SELF = YES;
				CLANG_WARN_OBJC_LITERAL_CONVERSION = YES;
				CLANG_WARN_OBJC_ROOT_CLASS = YES_ERROR;
				CLANG_WARN_RANGE_LOOP_ANALYSIS = YES;
				CLANG_WARN_STRICT_PROTOTYPES = YES;
				CLANG_WARN_SUSPICIOUS_MOVE = YES;
				CLANG_WARN_UNGUARDED_AVAILABILITY = YES_AGGRESSIVE;
				CLANG_WARN_UNREACHABLE_CODE = YES;
				CLANG_WARN__DUPLICATE_METHOD_MATCH = YES;
				COPY_PHASE_STRIP = NO;
				DEBUG_INFORMATION_FORMAT = dwarf;
				ENABLE_STRICT_OBJC_MSGSEND = YES;
				ENABLE_TESTABILITY = YES;
				GCC_C_LANGUAGE_STANDARD = gnu11;
				GCC_DYNAMIC_NO_PIC = NO;
				GCC_NO_COMMON_BLOCKS = YES;
				GCC_OPTIMIZATION_LEVEL = 0;
				GCC_PREPROCESSOR_DEFINITIONS = (
					"DEBUG=1",
					"$(inherited)",
				);
				GCC_WARN_64_TO_32_BIT_CONVERSION = YES;
				GCC_WARN_ABOUT_RETURN_TYPE = YES_ERROR;
				GCC_WARN_UNDECLARED_SELECTOR = YES;
				GCC_WARN_UNINITIALIZED_AUTOS = YES_AGGRESSIVE;
				GCC_WARN_UNUSED_FUNCTION = YES;
				GCC_WARN_UNUSED_VARIABLE = YES;
				IPHONEOS_DEPLOYMENT_TARGET = 13.5;
				MTL_ENABLE_DEBUG_INFO = INCLUDE_SOURCE;
				MTL_FAST_MATH = YES;
				ONLY_ACTIVE_ARCH = YES;
				SDKROOT = iphoneos;
				SWIFT_ACTIVE_COMPILATION_CONDITIONS = DEBUG;
				SWIFT_OPTIMIZATION_LEVEL = "-Onone";
			};
			name = Debug;
		};
		104FA429249A818E005FB934 /* Release */ = {
			isa = XCBuildConfiguration;
			buildSettings = {
				ALWAYS_SEARCH_USER_PATHS = NO;
				CLANG_ANALYZER_NONNULL = YES;
				CLANG_ANALYZER_NUMBER_OBJECT_CONVERSION = YES_AGGRESSIVE;
				CLANG_CXX_LANGUAGE_STANDARD = "gnu++14";
				CLANG_CXX_LIBRARY = "libc++";
				CLANG_ENABLE_MODULES = YES;
				CLANG_ENABLE_OBJC_ARC = YES;
				CLANG_ENABLE_OBJC_WEAK = YES;
				CLANG_WARN_BLOCK_CAPTURE_AUTORELEASING = YES;
				CLANG_WARN_BOOL_CONVERSION = YES;
				CLANG_WARN_COMMA = YES;
				CLANG_WARN_CONSTANT_CONVERSION = YES;
				CLANG_WARN_DEPRECATED_OBJC_IMPLEMENTATIONS = YES;
				CLANG_WARN_DIRECT_OBJC_ISA_USAGE = YES_ERROR;
				CLANG_WARN_DOCUMENTATION_COMMENTS = YES;
				CLANG_WARN_EMPTY_BODY = YES;
				CLANG_WARN_ENUM_CONVERSION = YES;
				CLANG_WARN_INFINITE_RECURSION = YES;
				CLANG_WARN_INT_CONVERSION = YES;
				CLANG_WARN_NON_LITERAL_NULL_CONVERSION = YES;
				CLANG_WARN_OBJC_IMPLICIT_RETAIN_SELF = YES;
				CLANG_WARN_OBJC_LITERAL_CONVERSION = YES;
				CLANG_WARN_OBJC_ROOT_CLASS = YES_ERROR;
				CLANG_WARN_RANGE_LOOP_ANALYSIS = YES;
				CLANG_WARN_STRICT_PROTOTYPES = YES;
				CLANG_WARN_SUSPICIOUS_MOVE = YES;
				CLANG_WARN_UNGUARDED_AVAILABILITY = YES_AGGRESSIVE;
				CLANG_WARN_UNREACHABLE_CODE = YES;
				CLANG_WARN__DUPLICATE_METHOD_MATCH = YES;
				COPY_PHASE_STRIP = NO;
				DEBUG_INFORMATION_FORMAT = "dwarf-with-dsym";
				ENABLE_NS_ASSERTIONS = NO;
				ENABLE_STRICT_OBJC_MSGSEND = YES;
				GCC_C_LANGUAGE_STANDARD = gnu11;
				GCC_NO_COMMON_BLOCKS = YES;
				GCC_WARN_64_TO_32_BIT_CONVERSION = YES;
				GCC_WARN_ABOUT_RETURN_TYPE = YES_ERROR;
				GCC_WARN_UNDECLARED_SELECTOR = YES;
				GCC_WARN_UNINITIALIZED_AUTOS = YES_AGGRESSIVE;
				GCC_WARN_UNUSED_FUNCTION = YES;
				GCC_WARN_UNUSED_VARIABLE = YES;
				IPHONEOS_DEPLOYMENT_TARGET = 13.5;
				MTL_ENABLE_DEBUG_INFO = NO;
				MTL_FAST_MATH = YES;
				SDKROOT = iphoneos;
				SWIFT_COMPILATION_MODE = wholemodule;
				SWIFT_OPTIMIZATION_LEVEL = "-O";
				VALIDATE_PRODUCT = YES;
			};
			name = Release;
		};
		104FA42B249A818E005FB934 /* Debug */ = {
			isa = XCBuildConfiguration;
			buildSettings = {
				ASSETCATALOG_COMPILER_APPICON_NAME = AppIcon;
				CODE_SIGN_STYLE = Automatic;
				DEVELOPMENT_TEAM = JPZMJ72554;
				INFOPLIST_FILE = CVapp/Info.plist;
				LD_RUNPATH_SEARCH_PATHS = (
					"$(inherited)",
					"@executable_path/Frameworks",
				);
				PRODUCT_BUNDLE_IDENTIFIER = com.szymondawidow.CVapp;
				PRODUCT_NAME = "$(TARGET_NAME)";
				SWIFT_VERSION = 4.2;
				TARGETED_DEVICE_FAMILY = "1,2";
			};
			name = Debug;
		};
		104FA42C249A818E005FB934 /* Release */ = {
			isa = XCBuildConfiguration;
			buildSettings = {
				ASSETCATALOG_COMPILER_APPICON_NAME = AppIcon;
				CODE_SIGN_STYLE = Automatic;
				DEVELOPMENT_TEAM = JPZMJ72554;
				INFOPLIST_FILE = CVapp/Info.plist;
				LD_RUNPATH_SEARCH_PATHS = (
					"$(inherited)",
					"@executable_path/Frameworks",
				);
				PRODUCT_BUNDLE_IDENTIFIER = com.szymondawidow.CVapp;
				PRODUCT_NAME = "$(TARGET_NAME)";
				SWIFT_VERSION = 4.2;
				TARGETED_DEVICE_FAMILY = "1,2";
			};
			name = Release;
		};
		104FA42E249A818E005FB934 /* Debug */ = {
			isa = XCBuildConfiguration;
			buildSettings = {
				ALWAYS_EMBED_SWIFT_STANDARD_LIBRARIES = YES;
				BUNDLE_LOADER = "$(TEST_HOST)";
				CODE_SIGN_STYLE = Automatic;
				DEVELOPMENT_TEAM = JPZMJ72554;
				INFOPLIST_FILE = CVappTests/Info.plist;
				IPHONEOS_DEPLOYMENT_TARGET = 13.5;
				LD_RUNPATH_SEARCH_PATHS = (
					"$(inherited)",
					"@executable_path/Frameworks",
					"@loader_path/Frameworks",
				);
				PRODUCT_BUNDLE_IDENTIFIER = com.szymondawidow.CVappTests;
				PRODUCT_NAME = "$(TARGET_NAME)";
				SWIFT_VERSION = 4.2;
				TARGETED_DEVICE_FAMILY = "1,2";
				TEST_HOST = "$(BUILT_PRODUCTS_DIR)/CVapp.app/CVapp";
			};
			name = Debug;
		};
		104FA42F249A818E005FB934 /* Release */ = {
			isa = XCBuildConfiguration;
			buildSettings = {
				ALWAYS_EMBED_SWIFT_STANDARD_LIBRARIES = YES;
				BUNDLE_LOADER = "$(TEST_HOST)";
				CODE_SIGN_STYLE = Automatic;
				DEVELOPMENT_TEAM = JPZMJ72554;
				INFOPLIST_FILE = CVappTests/Info.plist;
				IPHONEOS_DEPLOYMENT_TARGET = 13.5;
				LD_RUNPATH_SEARCH_PATHS = (
					"$(inherited)",
					"@executable_path/Frameworks",
					"@loader_path/Frameworks",
				);
				PRODUCT_BUNDLE_IDENTIFIER = com.szymondawidow.CVappTests;
				PRODUCT_NAME = "$(TARGET_NAME)";
				SWIFT_VERSION = 4.2;
				TARGETED_DEVICE_FAMILY = "1,2";
				TEST_HOST = "$(BUILT_PRODUCTS_DIR)/CVapp.app/CVapp";
			};
			name = Release;
		};
/* End XCBuildConfiguration section */

/* Begin XCConfigurationList section */
		104FA406249A818A005FB934 /* Build configuration list for PBXProject "CVapp" */ = {
			isa = XCConfigurationList;
			buildConfigurations = (
				104FA428249A818E005FB934 /* Debug */,
				104FA429249A818E005FB934 /* Release */,
			);
			defaultConfigurationIsVisible = 0;
			defaultConfigurationName = Release;
		};
		104FA42A249A818E005FB934 /* Build configuration list for PBXNativeTarget "CVapp" */ = {
			isa = XCConfigurationList;
			buildConfigurations = (
				104FA42B249A818E005FB934 /* Debug */,
				104FA42C249A818E005FB934 /* Release */,
			);
			defaultConfigurationIsVisible = 0;
			defaultConfigurationName = Release;
		};
		104FA42D249A818E005FB934 /* Build configuration list for PBXNativeTarget "CVappTests" */ = {
			isa = XCConfigurationList;
			buildConfigurations = (
				104FA42E249A818E005FB934 /* Debug */,
				104FA42F249A818E005FB934 /* Release */,
			);
			defaultConfigurationIsVisible = 0;
			defaultConfigurationName = Release;
		};
/* End XCConfigurationList section */
	};
	rootObject = 104FA403249A818A005FB934 /* Project object */;
}
